{
  "version": 4,
  "terraform_version": "1.11.4",
  "serial": 9,
  "lineage": "9d116662-e678-8aac-d769-ccef47eebc75",
  "outputs": {},
  "resources": [
    {
      "mode": "data",
      "type": "oci_core_images",
      "name": "ubuntu",
      "provider": "provider[\"registry.terraform.io/oracle/oci\"]",
      "instances": [
        {
          "schema_version": 0,
          "attributes": {
            "compartment_id": "ocid1.tenancy.oc1..aaaaaaaabkjysexzvkperxvlegmnf62nud6yuqu6fdf6p536jxvldjjce33q",
            "display_name": null,
            "filter": null,
            "id": "CoreImagesDataSource-625031879",
            "images": [
              {
                "agent_features": [],
                "base_image_id": "",
                "billable_size_in_gbs": "2",
                "compartment_id": "",
                "create_image_allowed": true,
                "defined_tags": {},
                "display_name": "Canonical-Ubuntu-22.04-aarch64-2026.02.28-0",
                "freeform_tags": {},
                "id": "ocid1.image.oc1.eu-milan-1.aaaaaaaams4bir2ut4ww6ib4mzlvxtlemmqyq223wekevdxjo2fmkhhsncza",
                "image_source_details": [],
                "instance_id": "",
                "launch_mode": "NATIVE",
                "launch_options": [
                  {
                    "boot_volume_type": "PARAVIRTUALIZED",
                    "firmware": "UEFI_64",
                    "is_consistent_volume_naming_enabled": true,
                    "is_pv_encryption_in_transit_enabled": true,
                    "network_type": "PARAVIRTUALIZED",
                    "remote_data_volume_type": "PARAVIRTUALIZED"
                  }
                ],
                "listing_type": "",
                "operating_system": "Canonical Ubuntu",
                "operating_system_version": "22.04",
                "size_in_mbs": "47694",
                "state": "AVAILABLE",
                "time_created": "2026-03-04 19:32:27.722 +0000 UTC"
              },
              {
                "agent_features": [],
                "base_image_id": "",
                "billable_size_in_gbs": "2",
                "compartment_id": "",
                "create_image_allowed": true,
                "defined_tags": {},
                "display_name": "Canonical-Ubuntu-22.04-aarch64-2026.01.29-0",
                "freeform_tags": {},
                "id": "ocid1.image.oc1.eu-milan-1.aaaaaaaajzlee2bectakzxq6eam45whnz4xzhmyncsr5nfx2mfjpnc5yctiq",
                "image_source_details": [],
                "instance_id": "",
                "launch_mode": "NATIVE",
                "launch_options": [
                  {
                    "boot_volume_type": "PARAVIRTUALIZED",
                    "firmware": "UEFI_64",
                    "is_consistent_volume_naming_enabled": true,
                    "is_pv_encryption_in_transit_enabled": true,
                    "network_type": "PARAVIRTUALIZED",
                    "remote_data_volume_type": "PARAVIRTUALIZED"
                  }
                ],
                "listing_type": "",
                "operating_system": "Canonical Ubuntu",
                "operating_system_version": "22.04",
                "size_in_mbs": "47694",
                "state": "AVAILABLE",
                "time_created": "2026-02-06 18:20:34.38 +0000 UTC"
              },
              {
                "agent_features": [],
                "base_image_id": "",
                "billable_size_in_gbs": "2",
                "compartment_id": "",
                "create_image_allowed": true,
                "defined_tags": {},
                "display_name": "Canonical-Ubuntu-22.04-aarch64-2025.12.09-0",
                "freeform_tags": {},
                "id": "ocid1.image.oc1.eu-milan-1.aaaaaaaafugszb77fy3cyiqf66idracgngmbyfkz5pod2zwc5oequnlizdhq",
                "image_source_details": [],
                "instance_id": "",
                "launch_mode": "NATIVE",
                "launch_options": [
                  {
                    "boot_volume_type": "PARAVIRTUALIZED",
                    "firmware": "UEFI_64",
                    "is_consistent_volume_naming_enabled": true,
                    "is_pv_encryption_in_transit_enabled": true,
                    "network_type": "PARAVIRTUALIZED",
                    "remote_data_volume_type": "PARAVIRTUALIZED"
                  }
                ],
                "listing_type": "",
                "operating_system": "Canonical Ubuntu",
                "operating_system_version": "22.04",
                "size_in_mbs": "47694",
                "state": "AVAILABLE",
                "time_created": "2025-12-13 18:38:26.648 +0000 UTC"
              }
            ],
            "operating_system": "Canonical Ubuntu",
            "operating_system_version": "22.04",
            "shape": "VM.Standard.A1.Flex",
            "sort_by": "TIMECREATED",
            "sort_order": "DESC",
            "state": null
          },
          "sensitive_attributes": []
        }
      ]
    },
    {
      "mode": "data",
      "type": "oci_identity_availability_domains",
      "name": "ads",
      "provider": "provider[\"registry.terraform.io/oracle/oci\"]",
      "instances": [
        {
          "schema_version": 0,
          "attributes": {
            "availability_domains": [
              {
                "compartment_id": "ocid1.tenancy.oc1..aaaaaaaabkjysexzvkperxvlegmnf62nud6yuqu6fdf6p536jxvldjjce33q",
                "id": "ocid1.availabilitydomain.oc1..aaaaaaaauyvqihlgvhou2kzxdipy25efyfid3tdkasoospbbhhb2dszbyahq",
                "name": "cvQy:EU-MILAN-1-AD-1"
              }
            ],
            "compartment_id": "ocid1.tenancy.oc1..aaaaaaaabkjysexzvkperxvlegmnf62nud6yuqu6fdf6p536jxvldjjce33q",
            "filter": null,
            "id": "IdentityAvailabilityDomainsDataSource-1285804056"
          },
          "sensitive_attributes": []
        }
      ]
    },
    {
      "mode": "managed",
      "type": "oci_core_internet_gateway",
      "name": "openclaw",
      "provider": "provider[\"registry.terraform.io/oracle/oci\"]",
      "instances": [
        {
          "schema_version": 0,
          "attributes": {
            "compartment_id": "ocid1.tenancy.oc1..aaaaaaaabkjysexzvkperxvlegmnf62nud6yuqu6fdf6p536jxvldjjce33q",
            "defined_tags": {
              "Oracle-Tags.CreatedBy": "default/io@giuliovaccari.it",
              "Oracle-Tags.CreatedOn": "2026-04-03T14:12:04.823Z"
            },
            "display_name": "openclaw-igw",
            "enabled": true,
            "freeform_tags": {},
            "id": "ocid1.internetgateway.oc1.eu-milan-1.aaaaaaaad4r4omh3lwwtowzpwaakwywkfcp5x6kfnkbaoxaxdvpnudnslmgq",
            "route_table_id": null,
            "state": "AVAILABLE",
            "time_created": "2026-04-03 14:12:04.847 +0000 UTC",
            "timeouts": null,
            "vcn_id": "ocid1.vcn.oc1.eu-milan-1.amaaaaaawhuymkiatbwrrznwoff57kf2c5h5obfebflwmnyfrgseroypbz3q"
          },
          "sensitive_attributes": [],
          "private": "eyJlMmJmYjczMC1lY2FhLTExZTYtOGY4OC0zNDM2M2JjN2M0YzAiOnsiY3JlYXRlIjoxMjAwMDAwMDAwMDAwLCJkZWxldGUiOjEyMDAwMDAwMDAwMDAsInVwZGF0ZSI6MTIwMDAwMDAwMDAwMH19",
          "dependencies": [
            "oci_core_vcn.openclaw"
          ]
        }
      ]
    },
    {
      "mode": "managed",
      "type": "oci_core_route_table",
      "name": "openclaw",
      "provider": "provider[\"registry.terraform.io/oracle/oci\"]",
      "instances": [
        {
          "schema_version": 0,
          "attributes": {
            "compartment_id": "ocid1.tenancy.oc1..aaaaaaaabkjysexzvkperxvlegmnf62nud6yuqu6fdf6p536jxvldjjce33q",
            "defined_tags": {
              "Oracle-Tags.CreatedBy": "default/io@giuliovaccari.it",
              "Oracle-Tags.CreatedOn": "2026-04-03T14:12:05.249Z"
            },
            "display_name": "openclaw-rt",
            "freeform_tags": {},
            "id": "ocid1.routetable.oc1.eu-milan-1.aaaaaaaaa2nyxaj742ih5gkbjuch65srdjurdesmdwlekp4ec6fnbvaqceqa",
            "route_rules": [
              {
                "cidr_block": "",
                "description": "",
                "destination": "0.0.0.0/0",
                "destination_type": "CIDR_BLOCK",
                "network_entity_id": "ocid1.internetgateway.oc1.eu-milan-1.aaaaaaaad4r4omh3lwwtowzpwaakwywkfcp5x6kfnkbaoxaxdvpnudnslmgq",
                "route_type": ""
              }
            ],
            "state": "AVAILABLE",
            "time_created": "2026-04-03 14:12:05.266 +0000 UTC",
            "timeouts": null,
            "vcn_id": "ocid1.vcn.oc1.eu-milan-1.amaaaaaawhuymkiatbwrrznwoff57kf2c5h5obfebflwmnyfrgseroypbz3q"
          },
          "sensitive_attributes": [],
          "private": "eyJlMmJmYjczMC1lY2FhLTExZTYtOGY4OC0zNDM2M2JjN2M0YzAiOnsiY3JlYXRlIjoxMjAwMDAwMDAwMDAwLCJkZWxldGUiOjEyMDAwMDAwMDAwMDAsInVwZGF0ZSI6MTIwMDAwMDAwMDAwMH19",
          "dependencies": [
            "oci_core_internet_gateway.openclaw",
            "oci_core_vcn.openclaw"
          ]
        }
      ]
    },
    {
      "mode": "managed",
      "type": "oci_core_security_list",
      "name": "openclaw",
      "provider": "provider[\"registry.terraform.io/oracle/oci\"]",
      "instances": [
        {
          "schema_version": 0,
          "attributes": {
            "compartment_id": "ocid1.tenancy.oc1..aaaaaaaabkjysexzvkperxvlegmnf62nud6yuqu6fdf6p536jxvldjjce33q",
            "defined_tags": {
              "Oracle-Tags.CreatedBy": "default/io@giuliovaccari.it",
              "Oracle-Tags.CreatedOn": "2026-04-03T14:12:04.946Z"
            },
            "display_name": "openclaw-sl",
            "egress_security_rules": [
              {
                "description": "",
                "destination": "0.0.0.0/0",
                "destination_type": "CIDR_BLOCK",
                "icmp_options": [],
                "protocol": "all",
                "stateless": false,
                "tcp_options": [],
                "udp_options": []
              }
            ],
            "freeform_tags": {},
            "id": "ocid1.securitylist.oc1.eu-milan-1.aaaaaaaas4faibldy7qbffo5eddip63chzrri7udzw5mihegy4lvspmxh5pa",
            "ingress_security_rules": [
              {
                "description": "",
                "icmp_options": [],
                "protocol": "6",
                "source": "0.0.0.0/0",
                "source_type": "CIDR_BLOCK",
                "stateless": false,
                "tcp_options": [
                  {
                    "max": 22,
                    "min": 22,
                    "source_port_range": []
                  }
                ],
                "udp_options": []
              },
              {
                "description": "",
                "icmp_options": [],
                "protocol": "6",
                "source": "0.0.0.0/0",
                "source_type": "CIDR_BLOCK",
                "stateless": false,
                "tcp_options": [
                  {
                    "max": 443,
                    "min": 443,
                    "source_port_range": []
                  }
                ],
                "udp_options": []
              },
              {
                "description": "",
                "icmp_options": [],
                "protocol": "6",
                "source": "0.0.0.0/0",
                "source_type": "CIDR_BLOCK",
                "stateless": false,
                "tcp_options": [
                  {
                    "max": 80,
                    "min": 80,
                    "source_port_range": []
                  }
                ],
                "udp_options": []
              }
            ],
            "state": "AVAILABLE",
            "time_created": "2026-04-03 14:12:04.97 +0000 UTC",
            "timeouts": null,
            "vcn_id": "ocid1.vcn.oc1.eu-milan-1.amaaaaaawhuymkiatbwrrznwoff57kf2c5h5obfebflwmnyfrgseroypbz3q"
          },
          "sensitive_attributes": [],
          "private": "eyJlMmJmYjczMC1lY2FhLTExZTYtOGY4OC0zNDM2M2JjN2M0YzAiOnsiY3JlYXRlIjoxMjAwMDAwMDAwMDAwLCJkZWxldGUiOjEyMDAwMDAwMDAwMDAsInVwZGF0ZSI6MTIwMDAwMDAwMDAwMH19",
          "dependencies": [
            "oci_core_vcn.openclaw"
          ]
        }
      ]
    },
    {
      "mode": "managed",
      "type": "oci_core_subnet",
      "name": "openclaw",
      "provider": "provider[\"registry.terraform.io/oracle/oci\"]",
      "instances": [
        {
          "schema_version": 0,
          "attributes": {
            "availability_domain": null,
            "cidr_block": "10.0.0.0/24",
            "compartment_id": "ocid1.tenancy.oc1..aaaaaaaabkjysexzvkperxvlegmnf62nud6yuqu6fdf6p536jxvldjjce33q",
            "defined_tags": {
              "Oracle-Tags.CreatedBy": "default/io@giuliovaccari.it",
              "Oracle-Tags.CreatedOn": "2026-04-03T14:12:05.595Z"
            },
            "dhcp_options_id": "ocid1.dhcpoptions.oc1.eu-milan-1.aaaaaaaaepbwb62mnhb52vxzuzrvlqurjjd4ubsfba64fy2ooq6pl4qg7i5a",
            "display_name": "openclaw-subnet",
            "dns_label": null,
            "freeform_tags": {},
            "id": "ocid1.subnet.oc1.eu-milan-1.aaaaaaaaofolsoda7u5xwvc3366vcaolchpb6zpudyta7hzgomhzbf3w4x6a",
            "ipv6cidr_block": null,
            "ipv6cidr_blocks": [],
            "ipv6virtual_router_ip": null,
            "prohibit_internet_ingress": false,
            "prohibit_public_ip_on_vnic": false,
            "route_table_id": "ocid1.routetable.oc1.eu-milan-1.aaaaaaaaa2nyxaj742ih5gkbjuch65srdjurdesmdwlekp4ec6fnbvaqceqa",
            "security_list_ids": [
              "ocid1.securitylist.oc1.eu-milan-1.aaaaaaaas4faibldy7qbffo5eddip63chzrri7udzw5mihegy4lvspmxh5pa"
            ],
            "state": "AVAILABLE",
            "subnet_domain_name": null,
            "time_created": "2026-04-03 14:12:05.628 +0000 UTC",
            "timeouts": null,
            "vcn_id": "ocid1.vcn.oc1.eu-milan-1.amaaaaaawhuymkiatbwrrznwoff57kf2c5h5obfebflwmnyfrgseroypbz3q",
            "virtual_router_ip": "10.0.0.1",
            "virtual_router_mac": "00:00:17:1B:AF:B3"
          },
          "sensitive_attributes": [],
          "private": "eyJlMmJmYjczMC1lY2FhLTExZTYtOGY4OC0zNDM2M2JjN2M0YzAiOnsiY3JlYXRlIjoxMjAwMDAwMDAwMDAwLCJkZWxldGUiOjEyMDAwMDAwMDAwMDAsInVwZGF0ZSI6MTIwMDAwMDAwMDAwMH19",
          "dependencies": [
            "oci_core_internet_gateway.openclaw",
            "oci_core_route_table.openclaw",
            "oci_core_security_list.openclaw",
            "oci_core_vcn.openclaw"
          ]
        }
      ]
    },
    {
      "mode": "managed",
      "type": "oci_core_vcn",
      "name": "openclaw",
      "provider": "provider[\"registry.terraform.io/oracle/oci\"]",
      "instances": [
        {
          "schema_version": 0,
          "attributes": {
            "byoipv6cidr_blocks": [],
            "byoipv6cidr_details": [],
            "cidr_block": "10.0.0.0/16",
            "cidr_blocks": [
              "10.0.0.0/16"
            ],
            "compartment_id": "ocid1.tenancy.oc1..aaaaaaaabkjysexzvkperxvlegmnf62nud6yuqu6fdf6p536jxvldjjce33q",
            "default_dhcp_options_id": "ocid1.dhcpoptions.oc1.eu-milan-1.aaaaaaaaepbwb62mnhb52vxzuzrvlqurjjd4ubsfba64fy2ooq6pl4qg7i5a",
            "default_route_table_id": "ocid1.routetable.oc1.eu-milan-1.aaaaaaaazs6frx25kyg2vhcaok6u5nfyjhih4vcwwlrqciy6geh4awybmcta",
            "default_security_list_id": "ocid1.securitylist.oc1.eu-milan-1.aaaaaaaaabponva2kupeincuj4gs2gqqla3ix7boj7sjjeczr33wfev3cglq",
            "defined_tags": {
              "Oracle-Tags.CreatedBy": "default/io@giuliovaccari.it",
              "Oracle-Tags.CreatedOn": "2026-04-03T14:12:04.060Z"
            },
            "display_name": "openclaw-vcn",
            "dns_label": null,
            "freeform_tags": {},
            "id": "ocid1.vcn.oc1.eu-milan-1.amaaaaaawhuymkiatbwrrznwoff57kf2c5h5obfebflwmnyfrgseroypbz3q",
            "ipv6cidr_blocks": [],
            "ipv6private_cidr_blocks": [],
            "is_ipv6enabled": false,
            "is_oracle_gua_allocation_enabled": null,
            "security_attributes": {},
            "state": "AVAILABLE",
            "time_created": "2026-04-03 14:12:04.12 +0000 UTC",
            "timeouts": null,
            "vcn_domain_name": null
          },
          "sensitive_attributes": [],
          "private": "eyJlMmJmYjczMC1lY2FhLTExZTYtOGY4OC0zNDM2M2JjN2M0YzAiOnsiY3JlYXRlIjoxMjAwMDAwMDAwMDAwLCJkZWxldGUiOjEyMDAwMDAwMDAwMDAsInVwZGF0ZSI6MTIwMDAwMDAwMDAwMH19"
        }
      ]
    }
  ],
  "check_results": null
}
